// !$*UTF8*$!
{
	archiveVersion = 1;
	classes = {
	};
	objectVersion = 50;
	objects = {

/* Begin PBXBuildFile section */
		E316A8DA2141C3DB00A39857 /* AppDelegate.swift in Sources */ = {isa = PBXBuildFile; fileRef = E316A8D92141C3DB00A39857 /* AppDelegate.swift */; };
		E316A8DC2141C3DB00A39857 /* ViewController.swift in Sources */ = {isa = PBXBuildFile; fileRef = E316A8DB2141C3DB00A39857 /* ViewController.swift */; };
		E316A8DF2141C3DB00A39857 /* Main.storyboard in Resources */ = {isa = PBXBuildFile; fileRef = E316A8DD2141C3DB00A39857 /* Main.storyboard */; };
		E316A8E12141C3DC00A39857 /* Assets.xcassets in Resources */ = {isa = PBXBuildFile; fileRef = E316A8E02141C3DC00A39857 /* Assets.xcassets */; };
		E316A8E42141C3DC00A39857 /* LaunchScreen.storyboard in Resources */ = {isa = PBXBuildFile; fileRef = E316A8E22141C3DC00A39857 /* LaunchScreen.storyboard */; };
		E316A8EF2141C3DC00A39857 /* NESWTests.swift in Sources */ = {isa = PBXBuildFile; fileRef = E316A8EE2141C3DC00A39857 /* NESWTests.swift */; };
		E316A8FA2141C3DC00A39857 /* NESWUITests.swift in Sources */ = {isa = PBXBuildFile; fileRef = E316A8F92141C3DC00A39857 /* NESWUITests.swift */; };
		E3CFE4692143558E005EFAE6 /* SecondVC.swift in Sources */ = {isa = PBXBuildFile; fileRef = E3CFE4682143558E005EFAE6 /* SecondVC.swift */; };
/* End PBXBuildFile section */

/* Begin PBXContainerItemProxy section */
		E316A8EB2141C3DC00A39857 /* PBXContainerItemProxy */ = {
			isa = PBXContainerItemProxy;
			containerPortal = E316A8CE2141C3DB00A39857 /* Project object */;
			proxyType = 1;
			remoteGlobalIDString = E316A8D52141C3DB00A39857;
			remoteInfo = NESW;
		};
		E316A8F62141C3DC00A39857 /* PBXContainerItemProxy */ = {
			isa = PBXContainerItemProxy;
			containerPortal = E316A8CE2141C3DB00A39857 /* Project object */;
			proxyType = 1;
			remoteGlobalIDString = E316A8D52141C3DB00A39857;
			remoteInfo = NESW;
		};
/* End PBXContainerItemProxy section */

/* Begin PBXFileReference section */
		E316A8D62141C3DB00A39857 /* NESW.app */ = {isa = PBXFileReference; explicitFileType = wrapper.application; includeInIndex = 0; path = NESW.app; sourceTree = BUILT_PRODUCTS_DIR; };
		E316A8D92141C3DB00A39857 /* AppDelegate.swift */ = {isa = PBXFileReference; lastKnownFileType = sourcecode.swift; path = AppDelegate.swift; sourceTree = "<group>"; };
		E316A8DB2141C3DB00A39857 /* ViewController.swift */ = {isa = PBXFileReference; indentWidth = 4; lastKnownFileType = sourcecode.swift; path = ViewController.swift; sourceTree = "<group>"; tabWidth = 4; wrapsLines = 0; };
		E316A8DE2141C3DB00A39857 /* Base */ = {isa = PBXFileReference; lastKnownFileType = file.storyboard; name = Base; path = Base.lproj/Main.storyboard; sourceTree = "<group>"; };
		E316A8E02141C3DC00A39857 /* Assets.xcassets */ = {isa = PBXFileReference; lastKnownFileType = folder.assetcatalog; path = Assets.xcassets; sourceTree = "<group>"; };
		E316A8E32141C3DC00A39857 /* Base */ = {isa = PBXFileReference; lastKnownFileType = file.storyboard; name = Base; path = Base.lproj/LaunchScreen.storyboard; sourceTree = "<group>"; };
		E316A8E52141C3DC00A39857 /* Info.plist */ = {isa = PBXFileReference; lastKnownFileType = text.plist.xml; path = Info.plist; sourceTree = "<group>"; };
		E316A8EA2141C3DC00A39857 /* NESWTests.xctest */ = {isa = PBXFileReference; explicitFileType = wrapper.cfbundle; includeInIndex = 0; path = NESWTests.xctest; sourceTree = BUILT_PRODUCTS_DIR; };
		E316A8EE2141C3DC00A39857 /* NESWTests.swift */ = {isa = PBXFileReference; lastKnownFileType = sourcecode.swift; path = NESWTests.swift; sourceTree = "<group>"; };
		E316A8F02141C3DC00A39857 /* Info.plist */ = {isa = PBXFileReference; lastKnownFileType = text.plist.xml; path = Info.plist; sourceTree = "<group>"; };
		E316A8F52141C3DC00A39857 /* NESWUITests.xctest */ = {isa = PBXFileReference; explicitFileType = wrapper.cfbundle; includeInIndex = 0; path = NESWUITests.xctest; sourceTree = BUILT_PRODUCTS_DIR; };
		E316A8F92141C3DC00A39857 /* NESWUITests.swift */ = {isa = PBXFileReference; lastKnownFileType = sourcecode.swift; path = NESWUITests.swift; sourceTree = "<group>"; };
		E316A8FB2141C3DC00A39857 /* Info.plist */ = {isa = PBXFileReference; lastKnownFileType = text.plist.xml; path = Info.plist; sourceTree = "<group>"; };
		E3CFE4682143558E005EFAE6 /* SecondVC.swift */ = {isa = PBXFileReference; indentWidth = 4; lastKnownFileType = sourcecode.swift; path = SecondVC.swift; sourceTree = "<group>"; tabWidth = 4; wrapsLines = 0; };
/* End PBXFileReference section */

/* Begin PBXFrameworksBuildPhase section */
		E316A8D32141C3DB00A39857 /* Frameworks */ = {
			isa = PBXFrameworksBuildPhase;
			buildActionMask = 2147483647;
			files = (
			);
			runOnlyForDeploymentPostprocessing = 0;
		};
		E316A8E72141C3DC00A39857 /* Frameworks */ = {
			isa = PBXFrameworksBuildPhase;
			buildActionMask = 2147483647;
			files = (
			);
			runOnlyForDeploymentPostprocessing = 0;
		};
		E316A8F22141C3DC00A39857 /* Frameworks */ = {
			isa = PBXFrameworksBuildPhase;
			buildActionMask = 2147483647;
			files = (
			);
			runOnlyForDeploymentPostprocessing = 0;
		};
/* End PBXFrameworksBuildPhase section */

/* Begin PBXGroup section */
		E316A8CD2141C3DB00A39857 = {
			isa = PBXGroup;
			children = (
				E316A8D82141C3DB00A39857 /* NESW */,
				E316A8ED2141C3DC00A39857 /* NESWTests */,
				E316A8F82141C3DC00A39857 /* NESWUITests */,
				E316A8D72141C3DB00A39857 /* Products */,
			);
			sourceTree = "<group>";
		};
		E316A8D72141C3DB00A39857 /* Products */ = {
			isa = PBXGroup;
			children = (
				E316A8D62141C3DB00A39857 /* NESW.app */,
				E316A8EA2141C3DC00A39857 /* NESWTests.xctest */,
				E316A8F52141C3DC00A39857 /* NESWUITests.xctest */,
			);
			name = Products;
			sourceTree = "<group>";
		};
		E316A8D82141C3DB00A39857 /* NESW */ = {
			isa = PBXGroup;
			children = (
				E316A8D92141C3DB00A39857 /* AppDelegate.swift */,
				E316A8DB2141C3DB00A39857 /* ViewController.swift */,
				E3CFE4682143558E005EFAE6 /* SecondVC.swift */,
				E316A8DD2141C3DB00A39857 /* Main.storyboard */,
				E316A8E02141C3DC00A39857 /* Assets.xcassets */,
				E316A8E22141C3DC00A39857 /* LaunchScreen.storyboard */,
				E316A8E52141C3DC00A39857 /* Info.plist */,
			);
			path = NESW;
			sourceTree = "<group>";
		};
		E316A8ED2141C3DC00A39857 /* NESWTests */ = {
			isa = PBXGroup;
			children = (
				E316A8EE2141C3DC00A39857 /* NESWTests.swift */,
				E316A8F02141C3DC00A39857 /* Info.plist */,
			);
			path = NESWTests;
			sourceTree = "<group>";
		};
		E316A8F82141C3DC00A39857 /* NESWUITests */ = {
			isa = PBXGroup;
			children = (
				E316A8F92141C3DC00A39857 /* NESWUITests.swift */,
				E316A8FB2141C3DC00A39857 /* Info.plist */,
			);
			path = NESWUITests;
			sourceTree = "<group>";
		};
/* End PBXGroup section */

/* Begin PBXNativeTarget section */
		E316A8D52141C3DB00A39857 /* NESW */ = {
			isa = PBXNativeTarget;
			buildConfigurationList = E316A8FE2141C3DC00A39857 /* Build configuration list for PBXNativeTarget "NESW" */;
			buildPhases = (
				E316A8D22141C3DB00A39857 /* Sources */,
				E316A8D32141C3DB00A39857 /* Frameworks */,
				E316A8D42141C3DB00A39857 /* Resources */,
			);
			buildRules = (
			);
			dependencies = (
			);
			name = NESW;
			productName = NESW;
			productReference = E316A8D62141C3DB00A39857 /* NESW.app */;
			productType = "com.apple.product-type.application";
		};
		E316A8E92141C3DC00A39857 /* NESWTests */ = {
			isa = PBXNativeTarget;
			buildConfigurationList = E316A9012141C3DC00A39857 /* Build configuration list for PBXNativeTarget "NESWTests" */;
			buildPhases = (
				E316A8E62141C3DC00A39857 /* Sources */,
				E316A8E72141C3DC00A39857 /* Frameworks */,
				E316A8E82141C3DC00A39857 /* Resources */,
			);
			buildRules = (
			);
			dependencies = (
				E316A8EC2141C3DC00A39857 /* PBXTargetDependency */,
			);
			name = NESWTests;
			productName = NESWTests;
			productReference = E316A8EA2141C3DC00A39857 /* NESWTests.xctest */;
			productType = "com.apple.product-type.bundle.unit-test";
		};
		E316A8F42141C3DC00A39857 /* NESWUITests */ = {
			isa = PBXNativeTarget;
			buildConfigurationList = E316A9042141C3DC00A39857 /* Build configuration list for PBXNativeTarget "NESWUITests" */;
			buildPhases = (
				E316A8F12141C3DC00A39857 /* Sources */,
				E316A8F22141C3DC00A39857 /* Frameworks */,
				E316A8F32141C3DC00A39857 /* Resources */,
			);
			buildRules = (
			);
			dependencies = (
				E316A8F72141C3DC00A39857 /* PBXTargetDependency */,
			);
			name = NESWUITests;
			productName = NESWUITests;
			productReference = E316A8F52141C3DC00A39857 /* NESWUITests.xctest */;
			productType = "com.apple.product-type.bundle.ui-testing";
		};
/* End PBXNativeTarget section */

/* Begin PBXProject section */
		E316A8CE2141C3DB00A39857 /* Project object */ = {
			isa = PBXProject;
			attributes = {
				LastSwiftUpdateCheck = 1000;
				LastUpgradeCheck = 1000;
				ORGANIZATIONNAME = "Quang Nguyen";
				TargetAttributes = {
					E316A8D52141C3DB00A39857 = {
						CreatedOnToolsVersion = 10.0;
					};
					E316A8E92141C3DC00A39857 = {
						CreatedOnToolsVersion = 10.0;
						TestTargetID = E316A8D52141C3DB00A39857;
					};
					E316A8F42141C3DC00A39857 = {
						CreatedOnToolsVersion = 10.0;
						TestTargetID = E316A8D52141C3DB00A39857;
					};
				};
			};
			buildConfigurationList = E316A8D12141C3DB00A39857 /* Build configuration list for PBXProject "NESW" */;
			compatibilityVersion = "Xcode 9.3";
			developmentRegion = en;
			hasScannedForEncodings = 0;
			knownRegions = (
				en,
				Base,
			);
			mainGroup = E316A8CD2141C3DB00A39857;
			productRefGroup = E316A8D72141C3DB00A39857 /* Products */;
			projectDirPath = "";
			projectRoot = "";
			targets = (
				E316A8D52141C3DB00A39857 /* NESW */,
				E316A8E92141C3DC00A39857 /* NESWTests */,
				E316A8F42141C3DC00A39857 /* NESWUITests */,
			);
		};
/* End PBXProject section */

/* Begin PBXResourcesBuildPhase section */
		E316A8D42141C3DB00A39857 /* Resources */ = {
			isa = PBXResourcesBuildPhase;
			buildActionMask = 2147483647;
			files = (
				E316A8E42141C3DC00A39857 /* LaunchScreen.storyboard in Resources */,
				E316A8E12141C3DC00A39857 /* Assets.xcassets in Resources */,
				E316A8DF2141C3DB00A39857 /* Main.storyboard in Resources */,
			);
			runOnlyForDeploymentPostprocessing = 0;
		};
		E316A8E82141C3DC00A39857 /* Resources */ = {
			isa = PBXResourcesBuildPhase;
			buildActionMask = 2147483647;
			files = (
			);
			runOnlyForDeploymentPostprocessing = 0;
		};
		E316A8F32141C3DC00A39857 /* Resources */ = {
			isa = PBXResourcesBuildPhase;
			buildActionMask = 2147483647;
			files = (
			);
			runOnlyForDeploymentPostprocessing = 0;
		};
/* End PBXResourcesBuildPhase section */

/* Begin PBXSourcesBuildPhase section */
		E316A8D22141C3DB00A39857 /* Sources */ = {
			isa = PBXSourcesBuildPhase;
			buildActionMask = 2147483647;
			files = (
				E316A8DC2141C3DB00A39857 /* ViewController.swift in Sources */,
				E3CFE4692143558E005EFAE6 /* SecondVC.swift in Sources */,
				E316A8DA2141C3DB00A39857 /* AppDelegate.swift in Sources */,
			);
			runOnlyForDeploymentPostprocessing = 0;
		};
		E316A8E62141C3DC00A39857 /* Sources */ = {
			isa = PBXSourcesBuildPhase;
			buildActionMask = 2147483647;
			files = (
				E316A8EF2141C3DC00A39857 /* NESWTests.swift in Sources */,
			);
			runOnlyForDeploymentPostprocessing = 0;
		};
		E316A8F12141C3DC00A39857 /* Sources */ = {
			isa = PBXSourcesBuildPhase;
			buildActionMask = 2147483647;
			files = (
				E316A8FA2141C3DC00A39857 /* NESWUITests.swift in Sources */,
			);
			runOnlyForDeploymentPostprocessing = 0;
		};
/* End PBXSourcesBuildPhase section */

/* Begin PBXTargetDependency section */
		E316A8EC2141C3DC00A39857 /* PBXTargetDependency */ = {
			isa = PBXTargetDependency;
			target = E316A8D52141C3DB00A39857 /* NESW */;
			targetProxy = E316A8EB2141C3DC00A39857 /* PBXContainerItemProxy */;
		};
		E316A8F72141C3DC00A39857 /* PBXTargetDependency */ = {
			isa = PBXTargetDependency;
			target = E316A8D52141C3DB00A39857 /* NESW */;
			targetProxy = E316A8F62141C3DC00A39857 /* PBXContainerItemProxy */;
		};
/* End PBXTargetDependency section */

/* Begin PBXVariantGroup section */
		E316A8DD2141C3DB00A39857 /* Main.storyboard */ = {
			isa = PBXVariantGroup;
			children = (
				E316A8DE2141C3DB00A39857 /* Base */,
			);
			name = Main.storyboard;
			sourceTree = "<group>";
		};
		E316A8E22141C3DC00A39857 /* LaunchScreen.storyboard */ = {
			isa = PBXVariantGroup;
			children = (
				E316A8E32141C3DC00A39857 /* Base */,
			);
			name = LaunchScreen.storyboard;
			sourceTree = "<group>";
		};
/* End PBXVariantGroup section */

/* Begin XCBuildConfiguration section */
		E316A8FC2141C3DC00A39857 /* Debug */ = {
			isa = XCBuildConfiguration;
			buildSettings = {
				ALWAYS_SEARCH_USER_PATHS = NO;
				CLANG_ANALYZER_NONNULL = YES;
				CLANG_ANALYZER_NUMBER_OBJECT_CONVERSION = YES_AGGRESSIVE;
				CLANG_CXX_LANGUAGE_STANDARD = "gnu++14";
				CLANG_CXX_LIBRARY = "libc++";
				CLANG_ENABLE_MODULES = YES;
				CLANG_ENABLE_OBJC_ARC = YES;
				CLANG_ENABLE_OBJC_WEAK = YES;
				CLANG_WARN_BLOCK_CAPTURE_AUTORELEASING = YES;
				CLANG_WARN_BOOL_CONVERSION = YES;
				CLANG_WARN_COMMA = YES;
				CLANG_WARN_CONSTANT_CONVERSION = YES;
				CLANG_WARN_DEPRECATED_OBJC_IMPLEMENTATIONS = YES;
				CLANG_WARN_DIRECT_OBJC_ISA_USAGE = YES_ERROR;
				CLANG_WARN_DOCUMENTATION_COMMENTS = YES;
				CLANG_WARN_EMPTY_BODY = YES;
				CLANG_WARN_ENUM_CONVERSION = YES;
				CLANG_WARN_INFINITE_RECURSION = YES;
				CLANG_WARN_INT_CONVERSION = YES;
				CLANG_WARN_NON_LITERAL_NULL_CONVERSION = YES;
				CLANG_WARN_OBJC_IMPLICIT_RETAIN_SELF = YES;
				CLANG_WARN_OBJC_LITERAL_CONVERSION = YES;
				CLANG_WARN_OBJC_ROOT_CLASS = YES_ERROR;
				CLANG_WARN_RANGE_LOOP_ANALYSIS = YES;
				CLANG_WARN_STRICT_PROTOTYPES = YES;
				CLANG_WARN_SUSPICIOUS_MOVE = YES;
				CLANG_WARN_UNGUARDED_AVAILABILITY = YES_AGGRESSIVE;
				CLANG_WARN_UNREACHABLE_CODE = YES;
				CLANG_WARN__DUPLICATE_METHOD_MATCH = YES;
				CODE_SIGN_IDENTITY = "iPhone Developer";
				COPY_PHASE_STRIP = NO;
				DEBUG_INFORMATION_FORMAT = dwarf;
				ENABLE_STRICT_OBJC_MSGSEND = YES;
				ENABLE_TESTABILITY = YES;
				GCC_C_LANGUAGE_STANDARD = gnu11;
				GCC_DYNAMIC_NO_PIC = NO;
				GCC_NO_COMMON_BLOCKS = YES;
				GCC_OPTIMIZATION_LEVEL = 0;
				GCC_PREPROCESSOR_DEFINITIONS = (
					"DEBUG=1",
					"$(inherited)",
				);
				GCC_WARN_64_TO_32_BIT_CONVERSION = YES;
				GCC_WARN_ABOUT_RETURN_TYPE = YES_ERROR;
				GCC_WARN_UNDECLARED_SELECTOR = YES;
				GCC_WARN_UNINITIALIZED_AUTOS = YES_AGGRESSIVE;
				GCC_WARN_UNUSED_FUNCTION = YES;
				GCC_WARN_UNUSED_VARIABLE = YES;
				IPHONEOS_DEPLOYMENT_TARGET = 12.0;
				MTL_ENABLE_DEBUG_INFO = INCLUDE_SOURCE;
				MTL_FAST_MATH = YES;
				ONLY_ACTIVE_ARCH = YES;
				SDKROOT = iphoneos;
				SWIFT_ACTIVE_COMPILATION_CONDITIONS = DEBUG;
				SWIFT_OPTIMIZATION_LEVEL = "-Onone";
			};
			name = Debug;
		};
		E316A8FD2141C3DC00A39857 /* Release */ = {
			isa = XCBuildConfiguration;
			buildSettings = {
				ALWAYS_SEARCH_USER_PATHS = NO;
				CLANG_ANALYZER_NONNULL = YES;
				CLANG_ANALYZER_NUMBER_OBJECT_CONVERSION = YES_AGGRESSIVE;
				CLANG_CXX_LANGUAGE_STANDARD = "gnu++14";
				CLANG_CXX_LIBRARY = "libc++";
				CLANG_ENABLE_MODULES = YES;
				CLANG_ENABLE_OBJC_ARC = YES;
				CLANG_ENABLE_OBJC_WEAK = YES;
				CLANG_WARN_BLOCK_CAPTURE_AUTORELEASING = YES;
				CLANG_WARN_BOOL_CONVERSION = YES;
				CLANG_WARN_COMMA = YES;
				CLANG_WARN_CONSTANT_CONVERSION = YES;
				CLANG_WARN_DEPRECATED_OBJC_IMPLEMENTATIONS = YES;
				CLANG_WARN_DIRECT_OBJC_ISA_USAGE = YES_ERROR;
				CLANG_WARN_DOCUMENTATION_COMMENTS = YES;
				CLANG_WARN_EMPTY_BODY = YES;
				CLANG_WARN_ENUM_CONVERSION = YES;
				CLANG_WARN_INFINITE_RECURSION = YES;
				CLANG_WARN_INT_CONVERSION = YES;
				CLANG_WARN_NON_LITERAL_NULL_CONVERSION = YES;
				CLANG_WARN_OBJC_IMPLICIT_RETAIN_SELF = YES;
				CLANG_WARN_OBJC_LITERAL_CONVERSION = YES;
				CLANG_WARN_OBJC_ROOT_CLASS = YES_ERROR;
				CLANG_WARN_RANGE_LOOP_ANALYSIS = YES;
				CLANG_WARN_STRICT_PROTOTYPES = YES;
				CLANG_WARN_SUSPICIOUS_MOVE = YES;
				CLANG_WARN_UNGUARDED_AVAILABILITY = YES_AGGRESSIVE;
				CLANG_WARN_UNREACHABLE_CODE = YES;
				CLANG_WARN__DUPLICATE_METHOD_MATCH = YES;
				CODE_SIGN_IDENTITY = "iPhone Developer";
				COPY_PHASE_STRIP = NO;
				DEBUG_INFORMATION_FORMAT = "dwarf-with-dsym";
				ENABLE_NS_ASSERTIONS = NO;
				ENABLE_STRICT_OBJC_MSGSEND = YES;
				GCC_C_LANGUAGE_STANDARD = gnu11;
				GCC_NO_COMMON_BLOCKS = YES;
				GCC_WARN_64_TO_32_BIT_CONVERSION = YES;
				GCC_WARN_ABOUT_RETURN_TYPE = YES_ERROR;
				GCC_WARN_UNDECLARED_SELECTOR = YES;
				GCC_WARN_UNINITIALIZED_AUTOS = YES_AGGRESSIVE;
				GCC_WARN_UNUSED_FUNCTION = YES;
				GCC_WARN_UNUSED_VARIABLE = YES;
				IPHONEOS_DEPLOYMENT_TARGET = 12.0;
				MTL_ENABLE_DEBUG_INFO = NO;
				MTL_FAST_MATH = YES;
				SDKROOT = iphoneos;
				SWIFT_COMPILATION_MODE = wholemodule;
				SWIFT_OPTIMIZATION_LEVEL = "-O";
				VALIDATE_PRODUCT = YES;
			};
			name = Release;
		};
		E316A8FF2141C3DC00A39857 /* Debug */ = {
			isa = XCBuildConfiguration;
			buildSettings = {
				ASSETCATALOG_COMPILER_APPICON_NAME = AppIcon;
				CODE_SIGN_STYLE = Automatic;
				DEVELOPMENT_TEAM = 3HXPCZ4FZM;
				INFOPLIST_FILE = NESW/Info.plist;
				IPHONEOS_DEPLOYMENT_TARGET = 11.4;
				LD_RUNPATH_SEARCH_PATHS = (
					"$(inherited)",
					"@executable_path/Frameworks",
				);
				PRODUCT_BUNDLE_IDENTIFIER = com.qn.NESW;
				PRODUCT_NAME = "$(TARGET_NAME)";
				SWIFT_VERSION = 4.2;
				TARGETED_DEVICE_FAMILY = "1,2";
			};
			name = Debug;
		};
		E316A9002141C3DC00A39857 /* Release */ = {
			isa = XCBuildConfiguration;
			buildSettings = {
				ASSETCATALOG_COMPILER_APPICON_NAME = AppIcon;
				CODE_SIGN_STYLE = Automatic;
				DEVELOPMENT_TEAM = 3HXPCZ4FZM;
				INFOPLIST_FILE = NESW/Info.plist;
				IPHONEOS_DEPLOYMENT_TARGET = 11.4;
				LD_RUNPATH_SEARCH_PATHS = (
					"$(inherited)",
					"@executable_path/Frameworks",
				);
				PRODUCT_BUNDLE_IDENTIFIER = com.qn.NESW;
				PRODUCT_NAME = "$(TARGET_NAME)";
				SWIFT_VERSION = 4.2;
				TARGETED_DEVICE_FAMILY = "1,2";
			};
			name = Release;
		};
		E316A9022141C3DC00A39857 /* Debug */ = {
			isa = XCBuildConfiguration;
			buildSettings = {
				ALWAYS_EMBED_SWIFT_STANDARD_LIBRARIES = YES;
				BUNDLE_LOADER = "$(TEST_HOST)";
				CODE_SIGN_STYLE = Automatic;
				INFOPLIST_FILE = NESWTests/Info.plist;
				LD_RUNPATH_SEARCH_PATHS = (
					"$(inherited)",
					"@executable_path/Frameworks",
					"@loader_path/Frameworks",
				);
				PRODUCT_BUNDLE_IDENTIFIER = qn.NESWTests;
				PRODUCT_NAME = "$(TARGET_NAME)";
				SWIFT_VERSION = 4.2;
				TARGETED_DEVICE_FAMILY = "1,2";
				TEST_HOST = "$(BUILT_PRODUCTS_DIR)/NESW.app/NESW";
			};
			name = Debug;
		};
		E316A9032141C3DC00A39857 /* Release */ = {
			isa = XCBuildConfiguration;
			buildSettings = {
				ALWAYS_EMBED_SWIFT_STANDARD_LIBRARIES = YES;
				BUNDLE_LOADER = "$(TEST_HOST)";
				CODE_SIGN_STYLE = Automatic;
				INFOPLIST_FILE = NESWTests/Info.plist;
				LD_RUNPATH_SEARCH_PATHS = (
					"$(inherited)",
					"@executable_path/Frameworks",
					"@loader_path/Frameworks",
				);
				PRODUCT_BUNDLE_IDENTIFIER = qn.NESWTests;
				PRODUCT_NAME = "$(TARGET_NAME)";
				SWIFT_VERSION = 4.2;
				TARGETED_DEVICE_FAMILY = "1,2";
				TEST_HOST = "$(BUILT_PRODUCTS_DIR)/NESW.app/NESW";
			};
			name = Release;
		};
		E316A9052141C3DC00A39857 /* Debug */ = {
			isa = XCBuildConfiguration;
			buildSettings = {
				ALWAYS_EMBED_SWIFT_STANDARD_LIBRARIES = YES;
				CODE_SIGN_STYLE = Automatic;
				INFOPLIST_FILE = NESWUITests/Info.plist;
				LD_RUNPATH_SEARCH_PATHS = (
					"$(inherited)",
					"@executable_path/Frameworks",
					"@loader_path/Frameworks",
				);
				PRODUCT_BUNDLE_IDENTIFIER = qn.NESWUITests;
				PRODUCT_NAME = "$(TARGET_NAME)";
				SWIFT_VERSION = 4.2;
				TARGETED_DEVICE_FAMILY = "1,2";
				TEST_TARGET_NAME = NESW;
			};
			name = Debug;
		};
		E316A9062141C3DC00A39857 /* Release */ = {
			isa = XCBuildConfiguration;
			buildSettings = {
				ALWAYS_EMBED_SWIFT_STANDARD_LIBRARIES = YES;
				CODE_SIGN_STYLE = Automatic;
				INFOPLIST_FILE = NESWUITests/Info.plist;
				LD_RUNPATH_SEARCH_PATHS = (
					"$(inherited)",
					"@executable_path/Frameworks",
					"@loader_path/Frameworks",
				);
				PRODUCT_BUNDLE_IDENTIFIER = qn.NESWUITests;
				PRODUCT_NAME = "$(TARGET_NAME)";
				SWIFT_VERSION = 4.2;
				TARGETED_DEVICE_FAMILY = "1,2";
				TEST_TARGET_NAME = NESW;
			};
			name = Release;
		};
/* End XCBuildConfiguration section */

/* Begin XCConfigurationList section */
		E316A8D12141C3DB00A39857 /* Build configuration list for PBXProject "NESW" */ = {
			isa = XCConfigurationList;
			buildConfigurations = (
				E316A8FC2141C3DC00A39857 /* Debug */,
				E316A8FD2141C3DC00A39857 /* Release */,
			);
			defaultConfigurationIsVisible = 0;
			defaultConfigurationName = Release;
		};
		E316A8FE2141C3DC00A39857 /* Build configuration list for PBXNativeTarget "NESW" */ = {
			isa = XCConfigurationList;
			buildConfigurations = (
				E316A8FF2141C3DC00A39857 /* Debug */,
				E316A9002141C3DC00A39857 /* Release */,
			);
			defaultConfigurationIsVisible = 0;
			defaultConfigurationName = Release;
		};
		E316A9012141C3DC00A39857 /* Build configuration list for PBXNativeTarget "NESWTests" */ = {
			isa = XCConfigurationList;
			buildConfigurations = (
				E316A9022141C3DC00A39857 /* Debug */,
				E316A9032141C3DC00A39857 /* Release */,
			);
			defaultConfigurationIsVisible = 0;
			defaultConfigurationName = Release;
		};
		E316A9042141C3DC00A39857 /* Build configuration list for PBXNativeTarget "NESWUITests" */ = {
			isa = XCConfigurationList;
			buildConfigurations = (
				E316A9052141C3DC00A39857 /* Debug */,
				E316A9062141C3DC00A39857 /* Release */,
			);
			defaultConfigurationIsVisible = 0;
			defaultConfigurationName = Release;
		};
/* End XCConfigurationList section */
	};
	rootObject = E316A8CE2141C3DB00A39857 /* Project object */;
}
